// !$*UTF8*$!
{
	archiveVersion = 1;
	classes = {
	};
	objectVersion = 56;
	objects = {

/* Begin PBXBuildFile section */
		2A052BDC2965DB9D00C5738A /* APIRequester.swift in Sources */ = {isa = PBXBuildFile; fileRef = 2A052BDB2965DB9D00C5738A /* APIRequester.swift */; };
		2A052BDE2967D34900C5738A /* RequestFormView.swift in Sources */ = {isa = PBXBuildFile; fileRef = 2A052BDD2967D34900C5738A /* RequestFormView.swift */; };
		2A052BE02967D64B00C5738A /* CongratulationsView.swift in Sources */ = {isa = PBXBuildFile; fileRef = 2A052BDF2967D64B00C5738A /* CongratulationsView.swift */; };
		2A052BE229693F0D00C5738A /* Confetti.gif in Resources */ = {isa = PBXBuildFile; fileRef = 2A052BE129693F0D00C5738A /* Confetti.gif */; };
		2A052BE429693FC100C5738A /* ConfettiView.swift in Sources */ = {isa = PBXBuildFile; fileRef = 2A052BE329693FC100C5738A /* ConfettiView.swift */; };
		2AA93FCC2962A4B600BC16AB /* BlinqCodeChallengeApp.swift in Sources */ = {isa = PBXBuildFile; fileRef = 2AA93FCB2962A4B600BC16AB /* BlinqCodeChallengeApp.swift */; };
		2AA93FCE2962A4B600BC16AB /* ContentView.swift in Sources */ = {isa = PBXBuildFile; fileRef = 2AA93FCD2962A4B600BC16AB /* ContentView.swift */; };
		2AA93FD02962A4B700BC16AB /* Assets.xcassets in Resources */ = {isa = PBXBuildFile; fileRef = 2AA93FCF2962A4B700BC16AB /* Assets.xcassets */; };
		2AA93FD32962A4B700BC16AB /* Preview Assets.xcassets in Resources */ = {isa = PBXBuildFile; fileRef = 2AA93FD22962A4B700BC16AB /* Preview Assets.xcassets */; };
		2AA93FDD2962A4B700BC16AB /* BlinqCodeChallengeTests.swift in Sources */ = {isa = PBXBuildFile; fileRef = 2AA93FDC2962A4B700BC16AB /* BlinqCodeChallengeTests.swift */; };
		2AA93FE72962A4B700BC16AB /* BlinqCodeChallengeUITests.swift in Sources */ = {isa = PBXBuildFile; fileRef = 2AA93FE62962A4B700BC16AB /* BlinqCodeChallengeUITests.swift */; };
		2AA93FE92962A4B700BC16AB /* BlinqCodeChallengeUITestsLaunchTests.swift in Sources */ = {isa = PBXBuildFile; fileRef = 2AA93FE82962A4B700BC16AB /* BlinqCodeChallengeUITestsLaunchTests.swift */; };
		2AA93FF62962A5CB00BC16AB /* PreRequestView.swift in Sources */ = {isa = PBXBuildFile; fileRef = 2AA93FF52962A5CB00BC16AB /* PreRequestView.swift */; };
/* End PBXBuildFile section */

/* Begin PBXContainerItemProxy section */
		2AA93FD92962A4B700BC16AB /* PBXContainerItemProxy */ = {
			isa = PBXContainerItemProxy;
			containerPortal = 2AA93FC02962A4B600BC16AB /* Project object */;
			proxyType = 1;
			remoteGlobalIDString = 2AA93FC72962A4B600BC16AB;
			remoteInfo = BlinqCodeChallenge;
		};
		2AA93FE32962A4B700BC16AB /* PBXContainerItemProxy */ = {
			isa = PBXContainerItemProxy;
			containerPortal = 2AA93FC02962A4B600BC16AB /* Project object */;
			proxyType = 1;
			remoteGlobalIDString = 2AA93FC72962A4B600BC16AB;
			remoteInfo = BlinqCodeChallenge;
		};
/* End PBXContainerItemProxy section */

/* Begin PBXFileReference section */
		2A052BDB2965DB9D00C5738A /* APIRequester.swift */ = {isa = PBXFileReference; lastKnownFileType = sourcecode.swift; path = APIRequester.swift; sourceTree = "<group>"; };
		2A052BDD2967D34900C5738A /* RequestFormView.swift */ = {isa = PBXFileReference; lastKnownFileType = sourcecode.swift; path = RequestFormView.swift; sourceTree = "<group>"; };
		2A052BDF2967D64B00C5738A /* CongratulationsView.swift */ = {isa = PBXFileReference; lastKnownFileType = sourcecode.swift; path = CongratulationsView.swift; sourceTree = "<group>"; };
		2A052BE129693F0D00C5738A /* Confetti.gif */ = {isa = PBXFileReference; lastKnownFileType = image.gif; path = Confetti.gif; sourceTree = "<group>"; };
		2A052BE329693FC100C5738A /* ConfettiView.swift */ = {isa = PBXFileReference; lastKnownFileType = sourcecode.swift; path = ConfettiView.swift; sourceTree = "<group>"; };
		2AA93FC82962A4B600BC16AB /* BlinqCodeChallenge.app */ = {isa = PBXFileReference; explicitFileType = wrapper.application; includeInIndex = 0; path = BlinqCodeChallenge.app; sourceTree = BUILT_PRODUCTS_DIR; };
		2AA93FCB2962A4B600BC16AB /* BlinqCodeChallengeApp.swift */ = {isa = PBXFileReference; lastKnownFileType = sourcecode.swift; path = BlinqCodeChallengeApp.swift; sourceTree = "<group>"; };
		2AA93FCD2962A4B600BC16AB /* ContentView.swift */ = {isa = PBXFileReference; lastKnownFileType = sourcecode.swift; path = ContentView.swift; sourceTree = "<group>"; };
		2AA93FCF2962A4B700BC16AB /* Assets.xcassets */ = {isa = PBXFileReference; lastKnownFileType = folder.assetcatalog; path = Assets.xcassets; sourceTree = "<group>"; };
		2AA93FD22962A4B700BC16AB /* Preview Assets.xcassets */ = {isa = PBXFileReference; lastKnownFileType = folder.assetcatalog; path = "Preview Assets.xcassets"; sourceTree = "<group>"; };
		2AA93FD82962A4B700BC16AB /* BlinqCodeChallengeTests.xctest */ = {isa = PBXFileReference; explicitFileType = wrapper.cfbundle; includeInIndex = 0; path = BlinqCodeChallengeTests.xctest; sourceTree = BUILT_PRODUCTS_DIR; };
		2AA93FDC2962A4B700BC16AB /* BlinqCodeChallengeTests.swift */ = {isa = PBXFileReference; lastKnownFileType = sourcecode.swift; path = BlinqCodeChallengeTests.swift; sourceTree = "<group>"; };
		2AA93FE22962A4B700BC16AB /* BlinqCodeChallengeUITests.xctest */ = {isa = PBXFileReference; explicitFileType = wrapper.cfbundle; includeInIndex = 0; path = BlinqCodeChallengeUITests.xctest; sourceTree = BUILT_PRODUCTS_DIR; };
		2AA93FE62962A4B700BC16AB /* BlinqCodeChallengeUITests.swift */ = {isa = PBXFileReference; lastKnownFileType = sourcecode.swift; path = BlinqCodeChallengeUITests.swift; sourceTree = "<group>"; };
		2AA93FE82962A4B700BC16AB /* BlinqCodeChallengeUITestsLaunchTests.swift */ = {isa = PBXFileReference; lastKnownFileType = sourcecode.swift; path = BlinqCodeChallengeUITestsLaunchTests.swift; sourceTree = "<group>"; };
		2AA93FF52962A5CB00BC16AB /* PreRequestView.swift */ = {isa = PBXFileReference; lastKnownFileType = sourcecode.swift; path = PreRequestView.swift; sourceTree = "<group>"; };
/* End PBXFileReference section */

/* Begin PBXFrameworksBuildPhase section */
		2AA93FC52962A4B600BC16AB /* Frameworks */ = {
			isa = PBXFrameworksBuildPhase;
			buildActionMask = 2147483647;
			files = (
			);
			runOnlyForDeploymentPostprocessing = 0;
		};
		2AA93FD52962A4B700BC16AB /* Frameworks */ = {
			isa = PBXFrameworksBuildPhase;
			buildActionMask = 2147483647;
			files = (
			);
			runOnlyForDeploymentPostprocessing = 0;
		};
		2AA93FDF2962A4B700BC16AB /* Frameworks */ = {
			isa = PBXFrameworksBuildPhase;
			buildActionMask = 2147483647;
			files = (
			);
			runOnlyForDeploymentPostprocessing = 0;
		};
/* End PBXFrameworksBuildPhase section */

/* Begin PBXGroup section */
		2AA93FBF2962A4B600BC16AB = {
			isa = PBXGroup;
			children = (
				2AA93FCA2962A4B600BC16AB /* BlinqCodeChallenge */,
				2AA93FDB2962A4B700BC16AB /* BlinqCodeChallengeTests */,
				2AA93FE52962A4B700BC16AB /* BlinqCodeChallengeUITests */,
				2AA93FC92962A4B600BC16AB /* Products */,
			);
			sourceTree = "<group>";
		};
		2AA93FC92962A4B600BC16AB /* Products */ = {
			isa = PBXGroup;
			children = (
				2AA93FC82962A4B600BC16AB /* BlinqCodeChallenge.app */,
				2AA93FD82962A4B700BC16AB /* BlinqCodeChallengeTests.xctest */,
				2AA93FE22962A4B700BC16AB /* BlinqCodeChallengeUITests.xctest */,
			);
			name = Products;
			sourceTree = "<group>";
		};
		2AA93FCA2962A4B600BC16AB /* BlinqCodeChallenge */ = {
			isa = PBXGroup;
			children = (
				2A052BE129693F0D00C5738A /* Confetti.gif */,
				2A052BDB2965DB9D00C5738A /* APIRequester.swift */,
				2AA93FF52962A5CB00BC16AB /* PreRequestView.swift */,
				2A052BDD2967D34900C5738A /* RequestFormView.swift */,
				2A052BDF2967D64B00C5738A /* CongratulationsView.swift */,
				2A052BE329693FC100C5738A /* ConfettiView.swift */,
				2AA93FCB2962A4B600BC16AB /* BlinqCodeChallengeApp.swift */,
				2AA93FCD2962A4B600BC16AB /* ContentView.swift */,
				2AA93FCF2962A4B700BC16AB /* Assets.xcassets */,
				2AA93FD12962A4B700BC16AB /* Preview Content */,
			);
			path = BlinqCodeChallenge;
			sourceTree = "<group>";
		};
		2AA93FD12962A4B700BC16AB /* Preview Content */ = {
			isa = PBXGroup;
			children = (
				2AA93FD22962A4B700BC16AB /* Preview Assets.xcassets */,
			);
			path = "Preview Content";
			sourceTree = "<group>";
		};
		2AA93FDB2962A4B700BC16AB /* BlinqCodeChallengeTests */ = {
			isa = PBXGroup;
			children = (
				2AA93FDC2962A4B700BC16AB /* BlinqCodeChallengeTests.swift */,
			);
			path = BlinqCodeChallengeTests;
			sourceTree = "<group>";
		};
		2AA93FE52962A4B700BC16AB /* BlinqCodeChallengeUITests */ = {
			isa = PBXGroup;
			children = (
				2AA93FE62962A4B700BC16AB /* BlinqCodeChallengeUITests.swift */,
				2AA93FE82962A4B700BC16AB /* BlinqCodeChallengeUITestsLaunchTests.swift */,
			);
			path = BlinqCodeChallengeUITests;
			sourceTree = "<group>";
		};
/* End PBXGroup section */

/* Begin PBXNativeTarget section */
		2AA93FC72962A4B600BC16AB /* BlinqCodeChallenge */ = {
			isa = PBXNativeTarget;
			buildConfigurationList = 2AA93FEC2962A4B700BC16AB /* Build configuration list for PBXNativeTarget "BlinqCodeChallenge" */;
			buildPhases = (
				2AA93FC42962A4B600BC16AB /* Sources */,
				2AA93FC52962A4B600BC16AB /* Frameworks */,
				2AA93FC62962A4B600BC16AB /* Resources */,
			);
			buildRules = (
			);
			dependencies = (
			);
			name = BlinqCodeChallenge;
			productName = BlinqCodeChallenge;
			productReference = 2AA93FC82962A4B600BC16AB /* BlinqCodeChallenge.app */;
			productType = "com.apple.product-type.application";
		};
		2AA93FD72962A4B700BC16AB /* BlinqCodeChallengeTests */ = {
			isa = PBXNativeTarget;
			buildConfigurationList = 2AA93FEF2962A4B700BC16AB /* Build configuration list for PBXNativeTarget "BlinqCodeChallengeTests" */;
			buildPhases = (
				2AA93FD42962A4B700BC16AB /* Sources */,
				2AA93FD52962A4B700BC16AB /* Frameworks */,
				2AA93FD62962A4B700BC16AB /* Resources */,
			);
			buildRules = (
			);
			dependencies = (
				2AA93FDA2962A4B700BC16AB /* PBXTargetDependency */,
			);
			name = BlinqCodeChallengeTests;
			productName = BlinqCodeChallengeTests;
			productReference = 2AA93FD82962A4B700BC16AB /* BlinqCodeChallengeTests.xctest */;
			productType = "com.apple.product-type.bundle.unit-test";
		};
		2AA93FE12962A4B700BC16AB /* BlinqCodeChallengeUITests */ = {
			isa = PBXNativeTarget;
			buildConfigurationList = 2AA93FF22962A4B700BC16AB /* Build configuration list for PBXNativeTarget "BlinqCodeChallengeUITests" */;
			buildPhases = (
				2AA93FDE2962A4B700BC16AB /* Sources */,
				2AA93FDF2962A4B700BC16AB /* Frameworks */,
				2AA93FE02962A4B700BC16AB /* Resources */,
			);
			buildRules = (
			);
			dependencies = (
				2AA93FE42962A4B700BC16AB /* PBXTargetDependency */,
			);
			name = BlinqCodeChallengeUITests;
			productName = BlinqCodeChallengeUITests;
			productReference = 2AA93FE22962A4B700BC16AB /* BlinqCodeChallengeUITests.xctest */;
			productType = "com.apple.product-type.bundle.ui-testing";
		};
/* End PBXNativeTarget section */

/* Begin PBXProject section */
		2AA93FC02962A4B600BC16AB /* Project object */ = {
			isa = PBXProject;
			attributes = {
				BuildIndependentTargetsInParallel = 1;
				LastSwiftUpdateCheck = 1420;
				LastUpgradeCheck = 1420;
				TargetAttributes = {
					2AA93FC72962A4B600BC16AB = {
						CreatedOnToolsVersion = 14.2;
					};
					2AA93FD72962A4B700BC16AB = {
						CreatedOnToolsVersion = 14.2;
						TestTargetID = 2AA93FC72962A4B600BC16AB;
					};
					2AA93FE12962A4B700BC16AB = {
						CreatedOnToolsVersion = 14.2;
						TestTargetID = 2AA93FC72962A4B600BC16AB;
					};
				};
			};
			buildConfigurationList = 2AA93FC32962A4B600BC16AB /* Build configuration list for PBXProject "BlinqCodeChallenge" */;
			compatibilityVersion = "Xcode 14.0";
			developmentRegion = en;
			hasScannedForEncodings = 0;
			knownRegions = (
				en,
				Base,
			);
			mainGroup = 2AA93FBF2962A4B600BC16AB;
			productRefGroup = 2AA93FC92962A4B600BC16AB /* Products */;
			projectDirPath = "";
			projectRoot = "";
			targets = (
				2AA93FC72962A4B600BC16AB /* BlinqCodeChallenge */,
				2AA93FD72962A4B700BC16AB /* BlinqCodeChallengeTests */,
				2AA93FE12962A4B700BC16AB /* BlinqCodeChallengeUITests */,
			);
		};
/* End PBXProject section */

/* Begin PBXResourcesBuildPhase section */
		2AA93FC62962A4B600BC16AB /* Resources */ = {
			isa = PBXResourcesBuildPhase;
			buildActionMask = 2147483647;
			files = (
				2AA93FD32962A4B700BC16AB /* Preview Assets.xcassets in Resources */,
				2A052BE229693F0D00C5738A /* Confetti.gif in Resources */,
				2AA93FD02962A4B700BC16AB /* Assets.xcassets in Resources */,
			);
			runOnlyForDeploymentPostprocessing = 0;
		};
		2AA93FD62962A4B700BC16AB /* Resources */ = {
			isa = PBXResourcesBuildPhase;
			buildActionMask = 2147483647;
			files = (
			);
			runOnlyForDeploymentPostprocessing = 0;
		};
		2AA93FE02962A4B700BC16AB /* Resources */ = {
			isa = PBXResourcesBuildPhase;
			buildActionMask = 2147483647;
			files = (
			);
			runOnlyForDeploymentPostprocessing = 0;
		};
/* End PBXResourcesBuildPhase section */

/* Begin PBXSourcesBuildPhase section */
		2AA93FC42962A4B600BC16AB /* Sources */ = {
			isa = PBXSourcesBuildPhase;
			buildActionMask = 2147483647;
			files = (
				2A052BE429693FC100C5738A /* ConfettiView.swift in Sources */,
				2A052BDE2967D34900C5738A /* RequestFormView.swift in Sources */,
				2AA93FCE2962A4B600BC16AB /* ContentView.swift in Sources */,
				2AA93FF62962A5CB00BC16AB /* PreRequestView.swift in Sources */,
				2AA93FCC2962A4B600BC16AB /* BlinqCodeChallengeApp.swift in Sources */,
				2A052BE02967D64B00C5738A /* CongratulationsView.swift in Sources */,
				2A052BDC2965DB9D00C5738A /* APIRequester.swift in Sources */,
			);
			runOnlyForDeploymentPostprocessing = 0;
		};
		2AA93FD42962A4B700BC16AB /* Sources */ = {
			isa = PBXSourcesBuildPhase;
			buildActionMask = 2147483647;
			files = (
				2AA93FDD2962A4B700BC16AB /* BlinqCodeChallengeTests.swift in Sources */,
			);
			runOnlyForDeploymentPostprocessing = 0;
		};
		2AA93FDE2962A4B700BC16AB /* Sources */ = {
			isa = PBXSourcesBuildPhase;
			buildActionMask = 2147483647;
			files = (
				2AA93FE92962A4B700BC16AB /* BlinqCodeChallengeUITestsLaunchTests.swift in Sources */,
				2AA93FE72962A4B700BC16AB /* BlinqCodeChallengeUITests.swift in Sources */,
			);
			runOnlyForDeploymentPostprocessing = 0;
		};
/* End PBXSourcesBuildPhase section */

/* Begin PBXTargetDependency section */
		2AA93FDA2962A4B700BC16AB /* PBXTargetDependency */ = {
			isa = PBXTargetDependency;
			target = 2AA93FC72962A4B600BC16AB /* BlinqCodeChallenge */;
			targetProxy = 2AA93FD92962A4B700BC16AB /* PBXContainerItemProxy */;
		};
		2AA93FE42962A4B700BC16AB /* PBXTargetDependency */ = {
			isa = PBXTargetDependency;
			target = 2AA93FC72962A4B600BC16AB /* BlinqCodeChallenge */;
			targetProxy = 2AA93FE32962A4B700BC16AB /* PBXContainerItemProxy */;
		};
/* End PBXTargetDependency section */

/* Begin XCBuildConfiguration section */
		2AA93FEA2962A4B700BC16AB /* Debug */ = {
			isa = XCBuildConfiguration;
			buildSettings = {
				ALWAYS_SEARCH_USER_PATHS = NO;
				CLANG_ANALYZER_NONNULL = YES;
				CLANG_ANALYZER_NUMBER_OBJECT_CONVERSION = YES_AGGRESSIVE;
				CLANG_CXX_LANGUAGE_STANDARD = "gnu++20";
				CLANG_ENABLE_MODULES = YES;
				CLANG_ENABLE_OBJC_ARC = YES;
				CLANG_ENABLE_OBJC_WEAK = YES;
				CLANG_WARN_BLOCK_CAPTURE_AUTORELEASING = YES;
				CLANG_WARN_BOOL_CONVERSION = YES;
				CLANG_WARN_COMMA = YES;
				CLANG_WARN_CONSTANT_CONVERSION = YES;
				CLANG_WARN_DEPRECATED_OBJC_IMPLEMENTATIONS = YES;
				CLANG_WARN_DIRECT_OBJC_ISA_USAGE = YES_ERROR;
				CLANG_WARN_DOCUMENTATION_COMMENTS = YES;
				CLANG_WARN_EMPTY_BODY = YES;
				CLANG_WARN_ENUM_CONVERSION = YES;
				CLANG_WARN_INFINITE_RECURSION = YES;
				CLANG_WARN_INT_CONVERSION = YES;
				CLANG_WARN_NON_LITERAL_NULL_CONVERSION = YES;
				CLANG_WARN_OBJC_IMPLICIT_RETAIN_SELF = YES;
				CLANG_WARN_OBJC_LITERAL_CONVERSION = YES;
				CLANG_WARN_OBJC_ROOT_CLASS = YES_ERROR;
				CLANG_WARN_QUOTED_INCLUDE_IN_FRAMEWORK_HEADER = YES;
				CLANG_WARN_RANGE_LOOP_ANALYSIS = YES;
				CLANG_WARN_STRICT_PROTOTYPES = YES;
				CLANG_WARN_SUSPICIOUS_MOVE = YES;
				CLANG_WARN_UNGUARDED_AVAILABILITY = YES_AGGRESSIVE;
				CLANG_WARN_UNREACHABLE_CODE = YES;
				CLANG_WARN__DUPLICATE_METHOD_MATCH = YES;
				COPY_PHASE_STRIP = NO;
				DEBUG_INFORMATION_FORMAT = dwarf;
				ENABLE_STRICT_OBJC_MSGSEND = YES;
				ENABLE_TESTABILITY = YES;
				GCC_C_LANGUAGE_STANDARD = gnu11;
				GCC_DYNAMIC_NO_PIC = NO;
				GCC_NO_COMMON_BLOCKS = YES;
				GCC_OPTIMIZATION_LEVEL = 0;
				GCC_PREPROCESSOR_DEFINITIONS = (
					"DEBUG=1",
					"$(inherited)",
				);
				GCC_WARN_64_TO_32_BIT_CONVERSION = YES;
				GCC_WARN_ABOUT_RETURN_TYPE = YES_ERROR;
				GCC_WARN_UNDECLARED_SELECTOR = YES;
				GCC_WARN_UNINITIALIZED_AUTOS = YES_AGGRESSIVE;
				GCC_WARN_UNUSED_FUNCTION = YES;
				GCC_WARN_UNUSED_VARIABLE = YES;
				IPHONEOS_DEPLOYMENT_TARGET = 16.2;
				MTL_ENABLE_DEBUG_INFO = INCLUDE_SOURCE;
				MTL_FAST_MATH = YES;
				ONLY_ACTIVE_ARCH = YES;
				SDKROOT = iphoneos;
				SWIFT_ACTIVE_COMPILATION_CONDITIONS = DEBUG;
				SWIFT_OPTIMIZATION_LEVEL = "-Onone";
			};
			name = Debug;
		};
		2AA93FEB2962A4B700BC16AB /* Release */ = {
			isa = XCBuildConfiguration;
			buildSettings = {
				ALWAYS_SEARCH_USER_PATHS = NO;
				CLANG_ANALYZER_NONNULL = YES;
				CLANG_ANALYZER_NUMBER_OBJECT_CONVERSION = YES_AGGRESSIVE;
				CLANG_CXX_LANGUAGE_STANDARD = "gnu++20";
				CLANG_ENABLE_MODULES = YES;
				CLANG_ENABLE_OBJC_ARC = YES;
				CLANG_ENABLE_OBJC_WEAK = YES;
				CLANG_WARN_BLOCK_CAPTURE_AUTORELEASING = YES;
				CLANG_WARN_BOOL_CONVERSION = YES;
				CLANG_WARN_COMMA = YES;
				CLANG_WARN_CONSTANT_CONVERSION = YES;
				CLANG_WARN_DEPRECATED_OBJC_IMPLEMENTATIONS = YES;
				CLANG_WARN_DIRECT_OBJC_ISA_USAGE = YES_ERROR;
				CLANG_WARN_DOCUMENTATION_COMMENTS = YES;
				CLANG_WARN_EMPTY_BODY = YES;
				CLANG_WARN_ENUM_CONVERSION = YES;
				CLANG_WARN_INFINITE_RECURSION = YES;
				CLANG_WARN_INT_CONVERSION = YES;
				CLANG_WARN_NON_LITERAL_NULL_CONVERSION = YES;
				CLANG_WARN_OBJC_IMPLICIT_RETAIN_SELF = YES;
				CLANG_WARN_OBJC_LITERAL_CONVERSION = YES;
				CLANG_WARN_OBJC_ROOT_CLASS = YES_ERROR;
				CLANG_WARN_QUOTED_INCLUDE_IN_FRAMEWORK_HEADER = YES;
				CLANG_WARN_RANGE_LOOP_ANALYSIS = YES;
				CLANG_WARN_STRICT_PROTOTYPES = YES;
				CLANG_WARN_SUSPICIOUS_MOVE = YES;
				CLANG_WARN_UNGUARDED_AVAILABILITY = YES_AGGRESSIVE;
				CLANG_WARN_UNREACHABLE_CODE = YES;
				CLANG_WARN__DUPLICATE_METHOD_MATCH = YES;
				COPY_PHASE_STRIP = NO;
				DEBUG_INFORMATION_FORMAT = "dwarf-with-dsym";
				ENABLE_NS_ASSERTIONS = NO;
				ENABLE_STRICT_OBJC_MSGSEND = YES;
				GCC_C_LANGUAGE_STANDARD = gnu11;
				GCC_NO_COMMON_BLOCKS = YES;
				GCC_WARN_64_TO_32_BIT_CONVERSION = YES;
				GCC_WARN_ABOUT_RETURN_TYPE = YES_ERROR;
				GCC_WARN_UNDECLARED_SELECTOR = YES;
				GCC_WARN_UNINITIALIZED_AUTOS = YES_AGGRESSIVE;
				GCC_WARN_UNUSED_FUNCTION = YES;
				GCC_WARN_UNUSED_VARIABLE = YES;
				IPHONEOS_DEPLOYMENT_TARGET = 16.2;
				MTL_ENABLE_DEBUG_INFO = NO;
				MTL_FAST_MATH = YES;
				SDKROOT = iphoneos;
				SWIFT_COMPILATION_MODE = wholemodule;
				SWIFT_OPTIMIZATION_LEVEL = "-O";
				VALIDATE_PRODUCT = YES;
			};
			name = Release;
		};
		2AA93FED2962A4B700BC16AB /* Debug */ = {
			isa = XCBuildConfiguration;
			buildSettings = {
				ASSETCATALOG_COMPILER_APPICON_NAME = AppIcon;
				ASSETCATALOG_COMPILER_GLOBAL_ACCENT_COLOR_NAME = AccentColor;
				CODE_SIGN_STYLE = Automatic;
				CURRENT_PROJECT_VERSION = 1;
				DEVELOPMENT_ASSET_PATHS = "\"BlinqCodeChallenge/Preview Content\"";
				DEVELOPMENT_TEAM = VYQ22WR7V7;
				ENABLE_PREVIEWS = YES;
				GENERATE_INFOPLIST_FILE = YES;
				INFOPLIST_KEY_UIApplicationSceneManifest_Generation = YES;
				INFOPLIST_KEY_UIApplicationSupportsIndirectInputEvents = YES;
				INFOPLIST_KEY_UILaunchScreen_Generation = YES;
				INFOPLIST_KEY_UISupportedInterfaceOrientations_iPad = "UIInterfaceOrientationPortrait UIInterfaceOrientationPortraitUpsideDown UIInterfaceOrientationLandscapeLeft UIInterfaceOrientationLandscapeRight";
				INFOPLIST_KEY_UISupportedInterfaceOrientations_iPhone = "UIInterfaceOrientationPortrait UIInterfaceOrientationLandscapeLeft UIInterfaceOrientationLandscapeRight";
				LD_RUNPATH_SEARCH_PATHS = (
					"$(inherited)",
					"@executable_path/Frameworks",
				);
				MARKETING_VERSION = 1.0;
				PRODUCT_BUNDLE_IDENTIFIER = chrishane.BlinqCodeChallenge;
				PRODUCT_NAME = "$(TARGET_NAME)";
				SWIFT_EMIT_LOC_STRINGS = YES;
				SWIFT_VERSION = 5.0;
				TARGETED_DEVICE_FAMILY = "1,2";
			};
			name = Debug;
		};
		2AA93FEE2962A4B700BC16AB /* Release */ = {
			isa = XCBuildConfiguration;
			buildSettings = {
				ASSETCATALOG_COMPILER_APPICON_NAME = AppIcon;
				ASSETCATALOG_COMPILER_GLOBAL_ACCENT_COLOR_NAME = AccentColor;
				CODE_SIGN_STYLE = Automatic;
				CURRENT_PROJECT_VERSION = 1;
				DEVELOPMENT_ASSET_PATHS = "\"BlinqCodeChallenge/Preview Content\"";
				DEVELOPMENT_TEAM = VYQ22WR7V7;
				ENABLE_PREVIEWS = YES;
				GENERATE_INFOPLIST_FILE = YES;
				INFOPLIST_KEY_UIApplicationSceneManifest_Generation = YES;
				INFOPLIST_KEY_UIApplicationSupportsIndirectInputEvents = YES;
				INFOPLIST_KEY_UILaunchScreen_Generation = YES;
				INFOPLIST_KEY_UISupportedInterfaceOrientations_iPad = "UIInterfaceOrientationPortrait UIInterfaceOrientationPortraitUpsideDown UIInterfaceOrientationLandscapeLeft UIInterfaceOrientationLandscapeRight";
				INFOPLIST_KEY_UISupportedInterfaceOrientations_iPhone = "UIInterfaceOrientationPortrait UIInterfaceOrientationLandscapeLeft UIInterfaceOrientationLandscapeRight";
				LD_RUNPATH_SEARCH_PATHS = (
					"$(inherited)",
					"@executable_path/Frameworks",
				);
				MARKETING_VERSION = 1.0;
				PRODUCT_BUNDLE_IDENTIFIER = chrishane.BlinqCodeChallenge;
				PRODUCT_NAME = "$(TARGET_NAME)";
				SWIFT_EMIT_LOC_STRINGS = YES;
				SWIFT_VERSION = 5.0;
				TARGETED_DEVICE_FAMILY = "1,2";
			};
			name = Release;
		};
		2AA93FF02962A4B700BC16AB /* Debug */ = {
			isa = XCBuildConfiguration;
			buildSettings = {
				ALWAYS_EMBED_SWIFT_STANDARD_LIBRARIES = YES;
				BUNDLE_LOADER = "$(TEST_HOST)";
				CODE_SIGN_STYLE = Automatic;
				CURRENT_PROJECT_VERSION = 1;
				DEVELOPMENT_TEAM = VYQ22WR7V7;
				GENERATE_INFOPLIST_FILE = YES;
				IPHONEOS_DEPLOYMENT_TARGET = 16.2;
				MARKETING_VERSION = 1.0;
				PRODUCT_BUNDLE_IDENTIFIER = chrishane.BlinqCodeChallengeTests;
				PRODUCT_NAME = "$(TARGET_NAME)";
				SWIFT_EMIT_LOC_STRINGS = NO;
				SWIFT_VERSION = 5.0;
				TARGETED_DEVICE_FAMILY = "1,2";
				TEST_HOST = "$(BUILT_PRODUCTS_DIR)/BlinqCodeChallenge.app/$(BUNDLE_EXECUTABLE_FOLDER_PATH)/BlinqCodeChallenge";
			};
			name = Debug;
		};
		2AA93FF12962A4B700BC16AB /* Release */ = {
			isa = XCBuildConfiguration;
			buildSettings = {
				ALWAYS_EMBED_SWIFT_STANDARD_LIBRARIES = YES;
				BUNDLE_LOADER = "$(TEST_HOST)";
				CODE_SIGN_STYLE = Automatic;
				CURRENT_PROJECT_VERSION = 1;
				DEVELOPMENT_TEAM = VYQ22WR7V7;
				GENERATE_INFOPLIST_FILE = YES;
				IPHONEOS_DEPLOYMENT_TARGET = 16.2;
				MARKETING_VERSION = 1.0;
				PRODUCT_BUNDLE_IDENTIFIER = chrishane.BlinqCodeChallengeTests;
				PRODUCT_NAME = "$(TARGET_NAME)";
				SWIFT_EMIT_LOC_STRINGS = NO;
				SWIFT_VERSION = 5.0;
				TARGETED_DEVICE_FAMILY = "1,2";
				TEST_HOST = "$(BUILT_PRODUCTS_DIR)/BlinqCodeChallenge.app/$(BUNDLE_EXECUTABLE_FOLDER_PATH)/BlinqCodeChallenge";
			};
			name = Release;
		};
		2AA93FF32962A4B700BC16AB /* Debug */ = {
			isa = XCBuildConfiguration;
			buildSettings = {
				ALWAYS_EMBED_SWIFT_STANDARD_LIBRARIES = YES;
				CODE_SIGN_STYLE = Automatic;
				CURRENT_PROJECT_VERSION = 1;
				DEVELOPMENT_TEAM = VYQ22WR7V7;
				GENERATE_INFOPLIST_FILE = YES;
				MARKETING_VERSION = 1.0;
				PRODUCT_BUNDLE_IDENTIFIER = chrishane.BlinqCodeChallengeUITests;
				PRODUCT_NAME = "$(TARGET_NAME)";
				SWIFT_EMIT_LOC_STRINGS = NO;
				SWIFT_VERSION = 5.0;
				TARGETED_DEVICE_FAMILY = "1,2";
				TEST_TARGET_NAME = BlinqCodeChallenge;
			};
			name = Debug;
		};
		2AA93FF42962A4B700BC16AB /* Release */ = {
			isa = XCBuildConfiguration;
			buildSettings = {
				ALWAYS_EMBED_SWIFT_STANDARD_LIBRARIES = YES;
				CODE_SIGN_STYLE = Automatic;
				CURRENT_PROJECT_VERSION = 1;
				DEVELOPMENT_TEAM = VYQ22WR7V7;
				GENERATE_INFOPLIST_FILE = YES;
				MARKETING_VERSION = 1.0;
				PRODUCT_BUNDLE_IDENTIFIER = chrishane.BlinqCodeChallengeUITests;
				PRODUCT_NAME = "$(TARGET_NAME)";
				SWIFT_EMIT_LOC_STRINGS = NO;
				SWIFT_VERSION = 5.0;
				TARGETED_DEVICE_FAMILY = "1,2";
				TEST_TARGET_NAME = BlinqCodeChallenge;
			};
			name = Release;
		};
/* End XCBuildConfiguration section */

/* Begin XCConfigurationList section */
		2AA93FC32962A4B600BC16AB /* Build configuration list for PBXProject "BlinqCodeChallenge" */ = {
			isa = XCConfigurationList;
			buildConfigurations = (
				2AA93FEA2962A4B700BC16AB /* Debug */,
				2AA93FEB2962A4B700BC16AB /* Release */,
			);
			defaultConfigurationIsVisible = 0;
			defaultConfigurationName = Release;
		};
		2AA93FEC2962A4B700BC16AB /* Build configuration list for PBXNativeTarget "BlinqCodeChallenge" */ = {
			isa = XCConfigurationList;
			buildConfigurations = (
				2AA93FED2962A4B700BC16AB /* Debug */,
				2AA93FEE2962A4B700BC16AB /* Release */,
			);
			defaultConfigurationIsVisible = 0;
			defaultConfigurationName = Release;
		};
		2AA93FEF2962A4B700BC16AB /* Build configuration list for PBXNativeTarget "BlinqCodeChallengeTests" */ = {
			isa = XCConfigurationList;
			buildConfigurations = (
				2AA93FF02962A4B700BC16AB /* Debug */,
				2AA93FF12962A4B700BC16AB /* Release */,
			);
			defaultConfigurationIsVisible = 0;
			defaultConfigurationName = Release;
		};
		2AA93FF22962A4B700BC16AB /* Build configuration list for PBXNativeTarget "BlinqCodeChallengeUITests" */ = {
			isa = XCConfigurationList;
			buildConfigurations = (
				2AA93FF32962A4B700BC16AB /* Debug */,
				2AA93FF42962A4B700BC16AB /* Release */,
			);
			defaultConfigurationIsVisible = 0;
			defaultConfigurationName = Release;
		};
/* End XCConfigurationList section */
	};
	rootObject = 2AA93FC02962A4B600BC16AB /* Project object */;
}
